
Microsoft Visual Studio Solution File, Format Version 12.00
# Visual Studio 2012
Project("{FAE04EC0-301F-11D3-BF4B-00C04F79EFBC}") = "TestApp", "TestApp\TestApp.csproj", "{FC92BC19-C70B-4848-A60C-143726991288}"
	ProjectSection(ProjectDependencies) = postProject
		{2D139A53-92B5-4C4D-B624-F7F7851926B9} = {2D139A53-92B5-4C4D-B624-F7F7851926B9}
	EndProjectSection
EndProject
Project("{FAE04EC0-301F-11D3-BF4B-00C04F79EFBC}") = "KOLib", "KOLib\KOLib.csproj", "{2D139A53-92B5-4C4D-B624-F7F7851926B9}"
EndProject
Project("{FAE04EC0-301F-11D3-BF4B-00C04F79EFBC}") = "ChorusDialogMockup", "ChorusDialogMockup\ChorusDialogMockup.csproj", "{2891FD2C-2984-4435-A937-651E41A344B0}"
EndProject
Project("{FAE04EC0-301F-11D3-BF4B-00C04F79EFBC}") = "TokaySharpTests", "TokaySharpTests\TokaySharpTests.csproj", "{95E7EB26-26FF-4116-BE0A-3EABEB56F186}"
EndProject
Global
	GlobalSection(SolutionConfigurationPlatforms) = preSolution
		Debug|Any CPU = Debug|Any CPU
		Debug|Mixed Platforms = Debug|Mixed Platforms
		Debug|x86 = Debug|x86
		Release|Any CPU = Release|Any CPU
		Release|Mixed Platforms = Release|Mixed Platforms
		Release|x86 = Release|x86
	EndGlobalSection
	GlobalSection(ProjectConfigurationPlatforms) = postSolution
		{FC92BC19-C70B-4848-A60C-143726991288}.Debug|Any CPU.ActiveCfg = Debug|x86
		{FC92BC19-C70B-4848-A60C-143726991288}.Debug|Any CPU.Build.0 = Debug|x86
		{FC92BC19-C70B-4848-A60C-143726991288}.Debug|Mixed Platforms.ActiveCfg = Debug|x86
		{FC92BC19-C70B-4848-A60C-143726991288}.Debug|Mixed Platforms.Build.0 = Debug|x86
		{FC92BC19-C70B-4848-A60C-143726991288}.Debug|x86.ActiveCfg = Debug|x86
		{FC92BC19-C70B-4848-A60C-143726991288}.Debug|x86.Build.0 = Debug|x86
		{FC92BC19-C70B-4848-A60C-143726991288}.Release|Any CPU.ActiveCfg = Release|x86
		{FC92BC19-C70B-4848-A60C-143726991288}.Release|Mixed Platforms.ActiveCfg = Release|x86
		{FC92BC19-C70B-4848-A60C-143726991288}.Release|Mixed Platforms.Build.0 = Release|x86
		{FC92BC19-C70B-4848-A60C-143726991288}.Release|x86.ActiveCfg = Release|x86
		{FC92BC19-C70B-4848-A60C-143726991288}.Release|x86.Build.0 = Release|x86
		{2D139A53-92B5-4C4D-B624-F7F7851926B9}.Debug|Any CPU.ActiveCfg = Debug|x86
		{2D139A53-92B5-4C4D-B624-F7F7851926B9}.Debug|Any CPU.Build.0 = Debug|x86
		{2D139A53-92B5-4C4D-B624-F7F7851926B9}.Debug|Mixed Platforms.ActiveCfg = Debug|x86
		{2D139A53-92B5-4C4D-B624-F7F7851926B9}.Debug|Mixed Platforms.Build.0 = Debug|x86
		{2D139A53-92B5-4C4D-B624-F7F7851926B9}.Debug|x86.ActiveCfg = Debug|Any CPU
		{2D139A53-92B5-4C4D-B624-F7F7851926B9}.Release|Any CPU.ActiveCfg = Release|Any CPU
		{2D139A53-92B5-4C4D-B624-F7F7851926B9}.Release|Any CPU.Build.0 = Release|Any CPU
		{2D139A53-92B5-4C4D-B624-F7F7851926B9}.Release|Mixed Platforms.ActiveCfg = Release|Any CPU
		{2D139A53-92B5-4C4D-B624-F7F7851926B9}.Release|Mixed Platforms.Build.0 = Release|Any CPU
		{2D139A53-92B5-4C4D-B624-F7F7851926B9}.Release|x86.ActiveCfg = Release|Any CPU
		{2891FD2C-2984-4435-A937-651E41A344B0}.Debug|Any CPU.ActiveCfg = Debug|x86
		{2891FD2C-2984-4435-A937-651E41A344B0}.Debug|Any CPU.Build.0 = Debug|x86
		{2891FD2C-2984-4435-A937-651E41A344B0}.Debug|Mixed Platforms.ActiveCfg = Debug|x86
		{2891FD2C-2984-4435-A937-651E41A344B0}.Debug|Mixed Platforms.Build.0 = Debug|x86
		{2891FD2C-2984-4435-A937-651E41A344B0}.Debug|x86.ActiveCfg = Debug|x86
		{2891FD2C-2984-4435-A937-651E41A344B0}.Debug|x86.Build.0 = Debug|x86
		{2891FD2C-2984-4435-A937-651E41A344B0}.Release|Any CPU.ActiveCfg = Release|x86
		{2891FD2C-2984-4435-A937-651E41A344B0}.Release|Mixed Platforms.ActiveCfg = Release|x86
		{2891FD2C-2984-4435-A937-651E41A344B0}.Release|Mixed Platforms.Build.0 = Release|x86
		{2891FD2C-2984-4435-A937-651E41A344B0}.Release|x86.ActiveCfg = Release|x86
		{2891FD2C-2984-4435-A937-651E41A344B0}.Release|x86.Build.0 = Release|x86
		{95E7EB26-26FF-4116-BE0A-3EABEB56F186}.Debug|Any CPU.ActiveCfg = Debug|Any CPU
		{95E7EB26-26FF-4116-BE0A-3EABEB56F186}.Debug|Any CPU.Build.0 = Debug|Any CPU
		{95E7EB26-26FF-4116-BE0A-3EABEB56F186}.Debug|Mixed Platforms.ActiveCfg = Debug|x86
		{95E7EB26-26FF-4116-BE0A-3EABEB56F186}.Debug|Mixed Platforms.Build.0 = Debug|x86
		{95E7EB26-26FF-4116-BE0A-3EABEB56F186}.Debug|x86.ActiveCfg = Debug|x86
		{95E7EB26-26FF-4116-BE0A-3EABEB56F186}.Debug|x86.Build.0 = Debug|x86
		{95E7EB26-26FF-4116-BE0A-3EABEB56F186}.Release|Any CPU.ActiveCfg = Release|Any CPU
		{95E7EB26-26FF-4116-BE0A-3EABEB56F186}.Release|Any CPU.Build.0 = Release|Any CPU
		{95E7EB26-26FF-4116-BE0A-3EABEB56F186}.Release|Mixed Platforms.ActiveCfg = Release|x86
		{95E7EB26-26FF-4116-BE0A-3EABEB56F186}.Release|Mixed Platforms.Build.0 = Release|x86
		{95E7EB26-26FF-4116-BE0A-3EABEB56F186}.Release|x86.ActiveCfg = Release|x86
		{95E7EB26-26FF-4116-BE0A-3EABEB56F186}.Release|x86.Build.0 = Release|x86
	EndGlobalSection
	GlobalSection(SolutionProperties) = preSolution
		HideSolutionNode = FALSE
	EndGlobalSection
EndGlobal
